
Microsoft Visual Studio Solution File, Format Version 12.00
# Visual Studio Version 17
VisualStudioVersion = 17.1.32210.238
MinimumVisualStudioVersion = 10.0.40219.1
Project("{FAE04EC0-301F-11D3-BF4B-00C04F79EFBC}") = "WebLab4", "WebLab4.csproj", "{F67B0AE7-8D28-44BE-B0BB-09C957C2E37F}"
EndProject
Global
	GlobalSection(SolutionConfigurationPlatforms) = preSolution
		Debug|Any CPU = Debug|Any CPU
		Release|Any CPU = Release|Any CPU
	EndGlobalSection
	GlobalSection(ProjectConfigurationPlatforms) = postSolution
		{F67B0AE7-8D28-44BE-B0BB-09C957C2E37F}.Debug|Any CPU.ActiveCfg = Debug|Any CPU
		{F67B0AE7-8D28-44BE-B0BB-09C957C2E37F}.Debug|Any CPU.Build.0 = Debug|Any CPU
		{F67B0AE7-8D28-44BE-B0BB-09C957C2E37F}.Release|Any CPU.ActiveCfg = Release|Any CPU
		{F67B0AE7-8D28-44BE-B0BB-09C957C2E37F}.Release|Any CPU.Build.0 = Release|Any CPU
	EndGlobalSection
	GlobalSection(SolutionProperties) = preSolution
		HideSolutionNode = FALSE
	EndGlobalSection
	GlobalSection(ExtensibilityGlobals) = postSolution
		SolutionGuid = {40F57E23-0D3C-47AC-9876-FF451CCEB190}
	EndGlobalSection
EndGlobal
